
Microsoft Visual Studio Solution File, Format Version 12.00
# Visual Studio Version 16
VisualStudioVersion = 16.0.30621.155
MinimumVisualStudioVersion = 10.0.40219.1
Project("{FAE04EC0-301F-11D3-BF4B-00C04F79EFBC}") = "WinAppElementosInterfaz", "WinAppElementosInterfaz\WinAppElementosInterfaz.csproj", "{F237BC8A-097B-42FF-9AC1-8C605E36B4BC}"
EndProject
Global
	GlobalSection(SolutionConfigurationPlatforms) = preSolution
		Debug|Any CPU = Debug|Any CPU
		Release|Any CPU = Release|Any CPU
	EndGlobalSection
	GlobalSection(ProjectConfigurationPlatforms) = postSolution
		{F237BC8A-097B-42FF-9AC1-8C605E36B4BC}.Debug|Any CPU.ActiveCfg = Debug|Any CPU
		{F237BC8A-097B-42FF-9AC1-8C605E36B4BC}.Debug|Any CPU.Build.0 = Debug|Any CPU
		{F237BC8A-097B-42FF-9AC1-8C605E36B4BC}.Release|Any CPU.ActiveCfg = Release|Any CPU
		{F237BC8A-097B-42FF-9AC1-8C605E36B4BC}.Release|Any CPU.Build.0 = Release|Any CPU
	EndGlobalSection
	GlobalSection(SolutionProperties) = preSolution
		HideSolutionNode = FALSE
	EndGlobalSection
	GlobalSection(ExtensibilityGlobals) = postSolution
		SolutionGuid = {AB79121D-11FB-4135-AE1A-1F2B7D022768}
	EndGlobalSection
EndGlobal
